
Microsoft Visual Studio Solution File, Format Version 12.00
# Visual Studio Version 16
VisualStudioVersion = 16.0.31205.134
MinimumVisualStudioVersion = 10.0.40219.1
Project("{9A19103F-16F7-4668-BE54-9A1E7A4F7556}") = "Pokedex", "Pokedex.csproj", "{9C14AF4B-9723-42E7-88AA-BB2F8BDB7910}"
EndProject
Project("{9A19103F-16F7-4668-BE54-9A1E7A4F7556}") = "Pokedex.Test", "..\Pokedex.Test\Pokedex.Test.csproj", "{EE922D50-2ED4-4391-A977-DE673777629F}"
EndProject
Global
	GlobalSection(SolutionConfigurationPlatforms) = preSolution
		Debug|Any CPU = Debug|Any CPU
		Release|Any CPU = Release|Any CPU
	EndGlobalSection
	GlobalSection(ProjectConfigurationPlatforms) = postSolution
		{9C14AF4B-9723-42E7-88AA-BB2F8BDB7910}.Debug|Any CPU.ActiveCfg = Debug|Any CPU
		{9C14AF4B-9723-42E7-88AA-BB2F8BDB7910}.Debug|Any CPU.Build.0 = Debug|Any CPU
		{9C14AF4B-9723-42E7-88AA-BB2F8BDB7910}.Release|Any CPU.ActiveCfg = Release|Any CPU
		{9C14AF4B-9723-42E7-88AA-BB2F8BDB7910}.Release|Any CPU.Build.0 = Release|Any CPU
		{EE922D50-2ED4-4391-A977-DE673777629F}.Debug|Any CPU.ActiveCfg = Debug|Any CPU
		{EE922D50-2ED4-4391-A977-DE673777629F}.Debug|Any CPU.Build.0 = Debug|Any CPU
		{EE922D50-2ED4-4391-A977-DE673777629F}.Release|Any CPU.ActiveCfg = Release|Any CPU
		{EE922D50-2ED4-4391-A977-DE673777629F}.Release|Any CPU.Build.0 = Release|Any CPU
	EndGlobalSection
	GlobalSection(SolutionProperties) = preSolution
		HideSolutionNode = FALSE
	EndGlobalSection
	GlobalSection(ExtensibilityGlobals) = postSolution
		SolutionGuid = {40282A24-41AE-4D51-ACCE-5287648D052F}
	EndGlobalSection
EndGlobal
